
Microsoft Visual Studio Solution File, Format Version 12.00
# Visual Studio Version 17
VisualStudioVersion = 17.13.35913.81 d17.13
MinimumVisualStudioVersion = 10.0.40219.1
Project("{8BC9CEB8-8B4A-11D0-8D11-00A0C91BC942}") = "C++(English)", "C++(English)\C++(English).vcxproj", "{A61F1A2B-8965-4673-88B3-050D3D3BE04C}"
EndProject
Global
	GlobalSection(SolutionConfigurationPlatforms) = preSolution
		Debug|x64 = Debug|x64
		Debug|x86 = Debug|x86
		Release|x64 = Release|x64
		Release|x86 = Release|x86
	EndGlobalSection
	GlobalSection(ProjectConfigurationPlatforms) = postSolution
		{A61F1A2B-8965-4673-88B3-050D3D3BE04C}.Debug|x64.ActiveCfg = Debug|x64
		{A61F1A2B-8965-4673-88B3-050D3D3BE04C}.Debug|x64.Build.0 = Debug|x64
		{A61F1A2B-8965-4673-88B3-050D3D3BE04C}.Debug|x86.ActiveCfg = Debug|Win32
		{A61F1A2B-8965-4673-88B3-050D3D3BE04C}.Debug|x86.Build.0 = Debug|Win32
		{A61F1A2B-8965-4673-88B3-050D3D3BE04C}.Release|x64.ActiveCfg = Release|x64
		{A61F1A2B-8965-4673-88B3-050D3D3BE04C}.Release|x64.Build.0 = Release|x64
		{A61F1A2B-8965-4673-88B3-050D3D3BE04C}.Release|x86.ActiveCfg = Release|Win32
		{A61F1A2B-8965-4673-88B3-050D3D3BE04C}.Release|x86.Build.0 = Release|Win32
	EndGlobalSection
	GlobalSection(SolutionProperties) = preSolution
		HideSolutionNode = FALSE
	EndGlobalSection
	GlobalSection(ExtensibilityGlobals) = postSolution
		SolutionGuid = {38E5308C-CB29-4DD6-9FC4-0F20AC078E4E}
	EndGlobalSection
EndGlobal
